
Microsoft Visual Studio Solution File, Format Version 12.00
Project("{FAE04EC0-301F-11D3-BF4B-00C04F79EFBC}") = "API", "API\API.csproj", "{C5A001A9-3900-4506-9709-60EFA788DAA3}"
EndProject
Project("{FAE04EC0-301F-11D3-BF4B-00C04F79EFBC}") = "Application", "Application\Application.csproj", "{98882388-51D9-4CBB-9DB2-AC86B4AB18B0}"
EndProject
Project("{FAE04EC0-301F-11D3-BF4B-00C04F79EFBC}") = "Core", "Core\Core.csproj", "{6EDCDF18-7501-4D26-A464-4F8D07720CE7}"
EndProject
Project("{FAE04EC0-301F-11D3-BF4B-00C04F79EFBC}") = "Infrastructure", "Infrastructure\Infrastructure.csproj", "{0330EB0D-2199-4749-8204-9B21D880DC88}"
EndProject
Global
	GlobalSection(SolutionConfigurationPlatforms) = preSolution
		Debug|Any CPU = Debug|Any CPU
		Release|Any CPU = Release|Any CPU
	EndGlobalSection
	GlobalSection(ProjectConfigurationPlatforms) = postSolution
		{C5A001A9-3900-4506-9709-60EFA788DAA3}.Debug|Any CPU.ActiveCfg = Debug|Any CPU
		{C5A001A9-3900-4506-9709-60EFA788DAA3}.Debug|Any CPU.Build.0 = Debug|Any CPU
		{C5A001A9-3900-4506-9709-60EFA788DAA3}.Release|Any CPU.ActiveCfg = Release|Any CPU
		{C5A001A9-3900-4506-9709-60EFA788DAA3}.Release|Any CPU.Build.0 = Release|Any CPU
		{98882388-51D9-4CBB-9DB2-AC86B4AB18B0}.Debug|Any CPU.ActiveCfg = Debug|Any CPU
		{98882388-51D9-4CBB-9DB2-AC86B4AB18B0}.Debug|Any CPU.Build.0 = Debug|Any CPU
		{98882388-51D9-4CBB-9DB2-AC86B4AB18B0}.Release|Any CPU.ActiveCfg = Release|Any CPU
		{98882388-51D9-4CBB-9DB2-AC86B4AB18B0}.Release|Any CPU.Build.0 = Release|Any CPU
		{6EDCDF18-7501-4D26-A464-4F8D07720CE7}.Debug|Any CPU.ActiveCfg = Debug|Any CPU
		{6EDCDF18-7501-4D26-A464-4F8D07720CE7}.Debug|Any CPU.Build.0 = Debug|Any CPU
		{6EDCDF18-7501-4D26-A464-4F8D07720CE7}.Release|Any CPU.ActiveCfg = Release|Any CPU
		{6EDCDF18-7501-4D26-A464-4F8D07720CE7}.Release|Any CPU.Build.0 = Release|Any CPU
		{0330EB0D-2199-4749-8204-9B21D880DC88}.Debug|Any CPU.ActiveCfg = Debug|Any CPU
		{0330EB0D-2199-4749-8204-9B21D880DC88}.Debug|Any CPU.Build.0 = Debug|Any CPU
		{0330EB0D-2199-4749-8204-9B21D880DC88}.Release|Any CPU.ActiveCfg = Release|Any CPU
		{0330EB0D-2199-4749-8204-9B21D880DC88}.Release|Any CPU.Build.0 = Release|Any CPU
	EndGlobalSection
EndGlobal
